<?xml version="1.0" encoding="utf-8"?>
<Project ToolsVersion="4.0" xmlns="http://schemas.microsoft.com/developer/msbuild/2003">
  <ItemGroup>
    <Filter Include="Source Files">
      <UniqueIdentifier>{4FC737F1-C7A5-4376-A066-2A32D752A2FF}</UniqueIdentifier>
      <Extensions>cpp;c;cc;cxx;c++;cppm;ixx;def;odl;idl;hpj;bat;asm;asmx</Extensions>
    </Filter>
    <Filter Include="Header Files">
      <UniqueIdentifier>{93995380-89BD-4b04-88EB-625FBE52EBFB}</UniqueIdentifier>
      <Extensions>h;hh;hpp;hxx;h++;hm;inl;inc;ipp;xsd</Extensions>
    </Filter>
    <Filter Include="Resource Files">
      <UniqueIdentifier>{67DA6AB6-F800-4c08-8B7A-83BB121AAD01}</UniqueIdentifier>
      <Extensions>rc;ico;cur;bmp;dlg;rc2;rct;bin;rgs;gif;jpg;jpeg;jpe;resx;tiff;tif;png;wav;mfcribbon-ms</Extensions>
    </Filter>
  </ItemGroup>
  <ItemGroup>
    <ClCompile Include="main.cpp">
      <Filter>Source Files</Filter>
    </ClCompile>
    <ClCompile Include="Chess\Board.cpp">
      <Filter>Source Files</Filter>
    </ClCompile>
    <ClCompile Include="Chess\MoveGen.cpp">
      <Filter>Source Files</Filter>
    </ClCompile>
    <ClCompile Include="Chess\Generator.cpp">
      <Filter>Source Files</Filter>
    </ClCompile>
    <ClCompile Include="Chess\MoveHelper.cpp">
      <Filter>Source Files</Filter>
    </ClCompile>
    <ClCompile Include="Chess\Parser.cpp">
      <Filter>Source Files</Filter>
    </ClCompile>
    <ClCompile Include="Chess\ZobristKey.cpp">
      <Filter>Source Files</Filter>
    </ClCompile>
    <ClCompile Include="Game\BlockerGame.cpp">
      <Filter>Source Files</Filter>
    </ClCompile>
    <ClCompile Include="Game\Game.cpp">
      <Filter>Source Files</Filter>
    </ClCompile>
    <ClCompile Include="Players\CompuerPlayer.cpp">
      <Filter>Source Files</Filter>
    </ClCompile>
    <ClCompile Include="Players\HumanPlayer.cpp">
      <Filter>Source Files</Filter>
    </ClCompile>
    <ClCompile Include="UI\BoardView.cpp">
      <Filter>Source Files</Filter>
    </ClCompile>
  </ItemGroup>
  <ItemGroup>
    <ClInclude Include="Chess\Board.h">
      <Filter>Header Files</Filter>
    </ClInclude>
    <ClInclude Include="Chess\MoveGen.h">
      <Filter>Header Files</Filter>
    </ClInclude>
    <ClInclude Include="Chess.h">
      <Filter>Header Files</Filter>
    </ClInclude>
    <ClInclude Include="Chess\BitboardHelpers.h">
      <Filter>Header Files</Filter>
    </ClInclude>
    <ClInclude Include="Chess\Generator.h">
      <Filter>Header Files</Filter>
    </ClInclude>
    <ClInclude Include="Chess\Move.h">
      <Filter>Header Files</Filter>
    </ClInclude>
    <ClInclude Include="Chess\MoveHelper.h">
      <Filter>Header Files</Filter>
    </ClInclude>
    <ClInclude Include="Chess\Parser.h">
      <Filter>Header Files</Filter>
    </ClInclude>
    <ClInclude Include="Chess\Piece.h">
      <Filter>Header Files</Filter>
    </ClInclude>
    <ClInclude Include="Chess\Square.h">
      <Filter>Header Files</Filter>
    </ClInclude>
    <ClInclude Include="Chess\ZobristKey.h">
      <Filter>Header Files</Filter>
    </ClInclude>
    <ClInclude Include="Game.h">
      <Filter>Header Files</Filter>
    </ClInclude>
    <ClInclude Include="Game\BlockerGame.h">
      <Filter>Header Files</Filter>
    </ClInclude>
    <ClInclude Include="Game\Game.h">
      <Filter>Header Files</Filter>
    </ClInclude>
    <ClInclude Include="Game\IGame.h">
      <Filter>Header Files</Filter>
    </ClInclude>
    <ClInclude Include="Game\Player\IBlockerPlayer.h">
      <Filter>Header Files</Filter>
    </ClInclude>
    <ClInclude Include="Game\Player\IPlayer.h">
      <Filter>Header Files</Filter>
    </ClInclude>
    <ClInclude Include="Players\CompuerPlayer.h">
      <Filter>Header Files</Filter>
    </ClInclude>
    <ClInclude Include="Players\HumanPlayer.h">
      <Filter>Header Files</Filter>
    </ClInclude>
    <ClInclude Include="UI\BoardView.h">
      <Filter>Header Files</Filter>
    </ClInclude>
    <ClInclude Include="Player.h">
      <Filter>Header Files</Filter>
    </ClInclude>
  </ItemGroup>
  <ItemGroup>
    <Image Include="UI\Assets\Pieces\Default\bb.png">
      <Filter>Resource Files</Filter>
    </Image>
    <Image Include="UI\Assets\Pieces\Default\bk.png">
      <Filter>Resource Files</Filter>
    </Image>
    <Image Include="UI\Assets\Pieces\Default\bn.png">
      <Filter>Resource Files</Filter>
    </Image>
    <Image Include="UI\Assets\Pieces\Default\bp.png">
      <Filter>Resource Files</Filter>
    </Image>
    <Image Include="UI\Assets\Pieces\Default\bq.png">
      <Filter>Resource Files</Filter>
    </Image>
    <Image Include="UI\Assets\Pieces\Default\br.png">
      <Filter>Resource Files</Filter>
    </Image>
    <Image Include="UI\Assets\Pieces\Default\wb.png">
      <Filter>Resource Files</Filter>
    </Image>
    <Image Include="UI\Assets\Pieces\Default\wk.png">
      <Filter>Resource Files</Filter>
    </Image>
    <Image Include="UI\Assets\Pieces\Default\wn.png">
      <Filter>Resource Files</Filter>
    </Image>
    <Image Include="UI\Assets\Pieces\Default\wp.png">
      <Filter>Resource Files</Filter>
    </Image>
    <Image Include="UI\Assets\Pieces\Default\wq.png">
      <Filter>Resource Files</Filter>
    </Image>
    <Image Include="UI\Assets\Pieces\Default\wr.png">
      <Filter>Resource Files</Filter>
    </Image>
    <Image Include="Assets\Pieces\Default\bb.png">
      <Filter>Resource Files</Filter>
    </Image>
    <Image Include="Assets\Pieces\Default\bk.png">
      <Filter>Resource Files</Filter>
    </Image>
    <Image Include="Assets\Pieces\Default\bn.png">
      <Filter>Resource Files</Filter>
    </Image>
    <Image Include="Assets\Pieces\Default\bp.png">
      <Filter>Resource Files</Filter>
    </Image>
    <Image Include="Assets\Pieces\Default\bq.png">
      <Filter>Resource Files</Filter>
    </Image>
    <Image Include="Assets\Pieces\Default\br.png">
      <Filter>Resource Files</Filter>
    </Image>
    <Image Include="Assets\Pieces\Default\wb.png">
      <Filter>Resource Files</Filter>
    </Image>
    <Image Include="Assets\Pieces\Default\wk.png">
      <Filter>Resource Files</Filter>
    </Image>
    <Image Include="Assets\Pieces\Default\wn.png">
      <Filter>Resource Files</Filter>
    </Image>
    <Image Include="Assets\Pieces\Default\wp.png">
      <Filter>Resource Files</Filter>
    </Image>
    <Image Include="Assets\Pieces\Default\wq.png">
      <Filter>Resource Files</Filter>
    </Image>
    <Image Include="Assets\Pieces\Default\wr.png">
      <Filter>Resource Files</Filter>
    </Image>
    <Image Include="Assets\Board.png">
      <Filter>Resource Files</Filter>
    </Image>
  </ItemGroup>
  <ItemGroup>
    <Media Include="Assets\Sounds\Default\capture.wav">
      <Filter>Resource Files</Filter>
    </Media>
    <Media Include="Assets\Sounds\Default\castle.wav">
      <Filter>Resource Files</Filter>
    </Media>
    <Media Include="Assets\Sounds\Default\check.wav">
      <Filter>Resource Files</Filter>
    </Media>
    <Media Include="Assets\Sounds\Default\move.wav">
      <Filter>Resource Files</Filter>
    </Media>
  </ItemGroup>
</Project>