<?xml version="1.0" encoding="utf-8"?>
<Project ToolsVersion="4.0" xmlns="http://schemas.microsoft.com/developer/msbuild/2003">
  <ItemGroup>
    <Filter Include="Source Files">
      <UniqueIdentifier>{4FC737F1-C7A5-4376-A066-2A32D752A2FF}</UniqueIdentifier>
      <Extensions>cpp;c;cc;cxx;c++;cppm;ixx;def;odl;idl;hpj;bat;asm;asmx</Extensions>
    </Filter>
    <Filter Include="Header Files">
      <UniqueIdentifier>{93995380-89BD-4b04-88EB-625FBE52EBFB}</UniqueIdentifier>
      <Extensions>h;hh;hpp;hxx;h++;hm;inl;inc;ipp;xsd</Extensions>
    </Filter>
    <Filter Include="Resource Files">
      <UniqueIdentifier>{67DA6AB6-F800-4c08-8B7A-83BB121AAD01}</UniqueIdentifier>
      <Extensions>rc;ico;cur;bmp;dlg;rc2;rct;bin;rgs;gif;jpg;jpeg;jpe;resx;tiff;tif;png;wav;mfcribbon-ms</Extensions>
    </Filter>
  </ItemGroup>
  <ItemGroup>
    <ClCompile Include="main.cpp">
      <Filter>Source Files</Filter>
    </ClCompile>
    <ClCompile Include="UI\GameLoop.cpp">
      <Filter>Source Files</Filter>
    </ClCompile>
    <ClCompile Include="Chess\Board.cpp">
      <Filter>Source Files</Filter>
    </ClCompile>
    <ClCompile Include="UI\Textures.cpp">
      <Filter>Source Files</Filter>
    </ClCompile>
  </ItemGroup>
  <ItemGroup>
    <ClInclude Include="UI\GameLoop.h">
      <Filter>Header Files</Filter>
    </ClInclude>
    <ClInclude Include="BoardView.h">
      <Filter>Header Files</Filter>
    </ClInclude>
    <ClInclude Include="Chess\Board.h">
      <Filter>Header Files</Filter>
    </ClInclude>
    <ClInclude Include="Chess\Pieces\Piece.h">
      <Filter>Header Files</Filter>
    </ClInclude>
    <ClInclude Include="UI\Textures.h">
      <Filter>Header Files</Filter>
    </ClInclude>
  </ItemGroup>
  <ItemGroup>
    <Image Include="UI\Assets\Pieces\Default\bb.png">
      <Filter>Resource Files</Filter>
    </Image>
    <Image Include="UI\Assets\Pieces\Default\bk.png">
      <Filter>Resource Files</Filter>
    </Image>
    <Image Include="UI\Assets\Pieces\Default\bn.png">
      <Filter>Resource Files</Filter>
    </Image>
    <Image Include="UI\Assets\Pieces\Default\bp.png">
      <Filter>Resource Files</Filter>
    </Image>
    <Image Include="UI\Assets\Pieces\Default\bq.png">
      <Filter>Resource Files</Filter>
    </Image>
    <Image Include="UI\Assets\Pieces\Default\br.png">
      <Filter>Resource Files</Filter>
    </Image>
    <Image Include="UI\Assets\Pieces\Default\wb.png">
      <Filter>Resource Files</Filter>
    </Image>
    <Image Include="UI\Assets\Pieces\Default\wk.png">
      <Filter>Resource Files</Filter>
    </Image>
    <Image Include="UI\Assets\Pieces\Default\wn.png">
      <Filter>Resource Files</Filter>
    </Image>
    <Image Include="UI\Assets\Pieces\Default\wp.png">
      <Filter>Resource Files</Filter>
    </Image>
    <Image Include="UI\Assets\Pieces\Default\wq.png">
      <Filter>Resource Files</Filter>
    </Image>
    <Image Include="UI\Assets\Pieces\Default\wr.png">
      <Filter>Resource Files</Filter>
    </Image>
  </ItemGroup>
</Project>